
Microsoft Visual Studio Solution File, Format Version 12.00
# Visual Studio 15
Project("{FAE04EC0-301F-11D3-BF4B-00C04F79EFBC}") = "Assembly-CSharp-firstpass", "Assembly-CSharp-firstpass.csproj", "{82880468-45C6-A2FA-71F4-975FC9722565}"
EndProject
Project("{FAE04EC0-301F-11D3-BF4B-00C04F79EFBC}") = "Assembly-CSharp", "Assembly-CSharp.csproj", "{080FDD03-9B18-3D7B-D1F2-5331FE3696EE}"
EndProject
Project("{FAE04EC0-301F-11D3-BF4B-00C04F79EFBC}") = "Assembly-CSharp-Editor", "Assembly-CSharp-Editor.csproj", "{E156F16E-F34B-896E-5A8B-9FFFBE838D37}"
EndProject
Global
	GlobalSection(SolutionConfigurationPlatforms) = preSolution
		Debug|Any CPU = Debug|Any CPU
		Release|Any CPU = Release|Any CPU
	EndGlobalSection
	GlobalSection(ProjectConfigurationPlatforms) = postSolution
		{82880468-45C6-A2FA-71F4-975FC9722565}.Debug|Any CPU.ActiveCfg = Debug|Any CPU
		{82880468-45C6-A2FA-71F4-975FC9722565}.Debug|Any CPU.Build.0 = Debug|Any CPU
		{82880468-45C6-A2FA-71F4-975FC9722565}.Release|Any CPU.ActiveCfg = Release|Any CPU
		{82880468-45C6-A2FA-71F4-975FC9722565}.Release|Any CPU.Build.0 = Release|Any CPU
		{080FDD03-9B18-3D7B-D1F2-5331FE3696EE}.Debug|Any CPU.ActiveCfg = Debug|Any CPU
		{080FDD03-9B18-3D7B-D1F2-5331FE3696EE}.Debug|Any CPU.Build.0 = Debug|Any CPU
		{080FDD03-9B18-3D7B-D1F2-5331FE3696EE}.Release|Any CPU.ActiveCfg = Release|Any CPU
		{080FDD03-9B18-3D7B-D1F2-5331FE3696EE}.Release|Any CPU.Build.0 = Release|Any CPU
		{E156F16E-F34B-896E-5A8B-9FFFBE838D37}.Debug|Any CPU.ActiveCfg = Debug|Any CPU
		{E156F16E-F34B-896E-5A8B-9FFFBE838D37}.Debug|Any CPU.Build.0 = Debug|Any CPU
		{E156F16E-F34B-896E-5A8B-9FFFBE838D37}.Release|Any CPU.ActiveCfg = Release|Any CPU
		{E156F16E-F34B-896E-5A8B-9FFFBE838D37}.Release|Any CPU.Build.0 = Release|Any CPU
	EndGlobalSection
	GlobalSection(SolutionProperties) = preSolution
		HideSolutionNode = FALSE
	EndGlobalSection
EndGlobal
